
Microsoft Visual Studio Solution File, Format Version 12.00
# Visual Studio 15
VisualStudioVersion = 15.0.28307.136
MinimumVisualStudioVersion = 10.0.40219.1
Project("{FAE04EC0-301F-11D3-BF4B-00C04F79EFBC}") = "Site_ASP", "Site_ASP\Site_ASP.csproj", "{33A9AF60-6DDA-4EFA-8DA2-338A49CD57E9}"
EndProject
Project("{CC5FD16D-436D-48AD-A40C-5A424C6E3E79}") = "BaseCloudService", "BaseCloudService\BaseCloudService.ccproj", "{9CFC9E2E-D82C-4813-9FCC-9A26958E4DAA}"
EndProject
Project("{FAE04EC0-301F-11D3-BF4B-00C04F79EFBC}") = "WorkerRole1", "WorkerRole1\WorkerRole1.csproj", "{BD02E78B-11A7-443F-8D22-F52331E1281B}"
EndProject
Global
	GlobalSection(SolutionConfigurationPlatforms) = preSolution
		Debug|Any CPU = Debug|Any CPU
		Debug|ARM = Debug|ARM
		Debug|ARM64 = Debug|ARM64
		Debug|x64 = Debug|x64
		Debug|x86 = Debug|x86
		Release|Any CPU = Release|Any CPU
		Release|ARM = Release|ARM
		Release|ARM64 = Release|ARM64
		Release|x64 = Release|x64
		Release|x86 = Release|x86
	EndGlobalSection
	GlobalSection(ProjectConfigurationPlatforms) = postSolution
		{33A9AF60-6DDA-4EFA-8DA2-338A49CD57E9}.Debug|Any CPU.ActiveCfg = Debug|Any CPU
		{33A9AF60-6DDA-4EFA-8DA2-338A49CD57E9}.Debug|Any CPU.Build.0 = Debug|Any CPU
		{33A9AF60-6DDA-4EFA-8DA2-338A49CD57E9}.Debug|ARM.ActiveCfg = Debug|Any CPU
		{33A9AF60-6DDA-4EFA-8DA2-338A49CD57E9}.Debug|ARM.Build.0 = Debug|Any CPU
		{33A9AF60-6DDA-4EFA-8DA2-338A49CD57E9}.Debug|ARM64.ActiveCfg = Debug|Any CPU
		{33A9AF60-6DDA-4EFA-8DA2-338A49CD57E9}.Debug|ARM64.Build.0 = Debug|Any CPU
		{33A9AF60-6DDA-4EFA-8DA2-338A49CD57E9}.Debug|x64.ActiveCfg = Debug|Any CPU
		{33A9AF60-6DDA-4EFA-8DA2-338A49CD57E9}.Debug|x64.Build.0 = Debug|Any CPU
		{33A9AF60-6DDA-4EFA-8DA2-338A49CD57E9}.Debug|x86.ActiveCfg = Debug|Any CPU
		{33A9AF60-6DDA-4EFA-8DA2-338A49CD57E9}.Debug|x86.Build.0 = Debug|Any CPU
		{33A9AF60-6DDA-4EFA-8DA2-338A49CD57E9}.Release|Any CPU.ActiveCfg = Release|Any CPU
		{33A9AF60-6DDA-4EFA-8DA2-338A49CD57E9}.Release|Any CPU.Build.0 = Release|Any CPU
		{33A9AF60-6DDA-4EFA-8DA2-338A49CD57E9}.Release|ARM.ActiveCfg = Release|Any CPU
		{33A9AF60-6DDA-4EFA-8DA2-338A49CD57E9}.Release|ARM.Build.0 = Release|Any CPU
		{33A9AF60-6DDA-4EFA-8DA2-338A49CD57E9}.Release|ARM64.ActiveCfg = Release|Any CPU
		{33A9AF60-6DDA-4EFA-8DA2-338A49CD57E9}.Release|ARM64.Build.0 = Release|Any CPU
		{33A9AF60-6DDA-4EFA-8DA2-338A49CD57E9}.Release|x64.ActiveCfg = Release|Any CPU
		{33A9AF60-6DDA-4EFA-8DA2-338A49CD57E9}.Release|x64.Build.0 = Release|Any CPU
		{33A9AF60-6DDA-4EFA-8DA2-338A49CD57E9}.Release|x86.ActiveCfg = Release|Any CPU
		{33A9AF60-6DDA-4EFA-8DA2-338A49CD57E9}.Release|x86.Build.0 = Release|Any CPU
		{9CFC9E2E-D82C-4813-9FCC-9A26958E4DAA}.Debug|Any CPU.ActiveCfg = Debug|Any CPU
		{9CFC9E2E-D82C-4813-9FCC-9A26958E4DAA}.Debug|Any CPU.Build.0 = Debug|Any CPU
		{9CFC9E2E-D82C-4813-9FCC-9A26958E4DAA}.Debug|ARM.ActiveCfg = Debug|Any CPU
		{9CFC9E2E-D82C-4813-9FCC-9A26958E4DAA}.Debug|ARM.Build.0 = Debug|Any CPU
		{9CFC9E2E-D82C-4813-9FCC-9A26958E4DAA}.Debug|ARM64.ActiveCfg = Debug|Any CPU
		{9CFC9E2E-D82C-4813-9FCC-9A26958E4DAA}.Debug|ARM64.Build.0 = Debug|Any CPU
		{9CFC9E2E-D82C-4813-9FCC-9A26958E4DAA}.Debug|x64.ActiveCfg = Debug|Any CPU
		{9CFC9E2E-D82C-4813-9FCC-9A26958E4DAA}.Debug|x64.Build.0 = Debug|Any CPU
		{9CFC9E2E-D82C-4813-9FCC-9A26958E4DAA}.Debug|x86.ActiveCfg = Debug|Any CPU
		{9CFC9E2E-D82C-4813-9FCC-9A26958E4DAA}.Debug|x86.Build.0 = Debug|Any CPU
		{9CFC9E2E-D82C-4813-9FCC-9A26958E4DAA}.Release|Any CPU.ActiveCfg = Release|Any CPU
		{9CFC9E2E-D82C-4813-9FCC-9A26958E4DAA}.Release|Any CPU.Build.0 = Release|Any CPU
		{9CFC9E2E-D82C-4813-9FCC-9A26958E4DAA}.Release|ARM.ActiveCfg = Release|Any CPU
		{9CFC9E2E-D82C-4813-9FCC-9A26958E4DAA}.Release|ARM.Build.0 = Release|Any CPU
		{9CFC9E2E-D82C-4813-9FCC-9A26958E4DAA}.Release|ARM64.ActiveCfg = Release|Any CPU
		{9CFC9E2E-D82C-4813-9FCC-9A26958E4DAA}.Release|ARM64.Build.0 = Release|Any CPU
		{9CFC9E2E-D82C-4813-9FCC-9A26958E4DAA}.Release|x64.ActiveCfg = Release|Any CPU
		{9CFC9E2E-D82C-4813-9FCC-9A26958E4DAA}.Release|x64.Build.0 = Release|Any CPU
		{9CFC9E2E-D82C-4813-9FCC-9A26958E4DAA}.Release|x86.ActiveCfg = Release|Any CPU
		{9CFC9E2E-D82C-4813-9FCC-9A26958E4DAA}.Release|x86.Build.0 = Release|Any CPU
		{BD02E78B-11A7-443F-8D22-F52331E1281B}.Debug|Any CPU.ActiveCfg = Debug|Any CPU
		{BD02E78B-11A7-443F-8D22-F52331E1281B}.Debug|Any CPU.Build.0 = Debug|Any CPU
		{BD02E78B-11A7-443F-8D22-F52331E1281B}.Debug|ARM.ActiveCfg = Debug|Any CPU
		{BD02E78B-11A7-443F-8D22-F52331E1281B}.Debug|ARM.Build.0 = Debug|Any CPU
		{BD02E78B-11A7-443F-8D22-F52331E1281B}.Debug|ARM64.ActiveCfg = Debug|Any CPU
		{BD02E78B-11A7-443F-8D22-F52331E1281B}.Debug|ARM64.Build.0 = Debug|Any CPU
		{BD02E78B-11A7-443F-8D22-F52331E1281B}.Debug|x64.ActiveCfg = Debug|Any CPU
		{BD02E78B-11A7-443F-8D22-F52331E1281B}.Debug|x64.Build.0 = Debug|Any CPU
		{BD02E78B-11A7-443F-8D22-F52331E1281B}.Debug|x86.ActiveCfg = Debug|Any CPU
		{BD02E78B-11A7-443F-8D22-F52331E1281B}.Debug|x86.Build.0 = Debug|Any CPU
		{BD02E78B-11A7-443F-8D22-F52331E1281B}.Release|Any CPU.ActiveCfg = Release|Any CPU
		{BD02E78B-11A7-443F-8D22-F52331E1281B}.Release|Any CPU.Build.0 = Release|Any CPU
		{BD02E78B-11A7-443F-8D22-F52331E1281B}.Release|ARM.ActiveCfg = Release|Any CPU
		{BD02E78B-11A7-443F-8D22-F52331E1281B}.Release|ARM.Build.0 = Release|Any CPU
		{BD02E78B-11A7-443F-8D22-F52331E1281B}.Release|ARM64.ActiveCfg = Release|Any CPU
		{BD02E78B-11A7-443F-8D22-F52331E1281B}.Release|ARM64.Build.0 = Release|Any CPU
		{BD02E78B-11A7-443F-8D22-F52331E1281B}.Release|x64.ActiveCfg = Release|Any CPU
		{BD02E78B-11A7-443F-8D22-F52331E1281B}.Release|x64.Build.0 = Release|Any CPU
		{BD02E78B-11A7-443F-8D22-F52331E1281B}.Release|x86.ActiveCfg = Release|Any CPU
		{BD02E78B-11A7-443F-8D22-F52331E1281B}.Release|x86.Build.0 = Release|Any CPU
	EndGlobalSection
	GlobalSection(SolutionProperties) = preSolution
		HideSolutionNode = FALSE
	EndGlobalSection
	GlobalSection(ExtensibilityGlobals) = postSolution
		SolutionGuid = {E35DA5AC-5B76-4686-B1FE-240454ECE14C}
	EndGlobalSection
EndGlobal
